<?xml version="1.0" encoding="utf-8"?>
<Project ToolsVersion="4.0" xmlns="http://schemas.microsoft.com/developer/msbuild/2003">
  <ItemGroup>
    <Filter Include="Header Files">
      <UniqueIdentifier>{21EB8090-0D4E-1035-B6D3-48EBA215DCB7}</UniqueIdentifier>
    </Filter>
    <Filter Include="Header Files\Entity">
      <UniqueIdentifier>{4D0854AE-B969-31BC-42D7-776EAE37687B}</UniqueIdentifier>
    </Filter>
    <Filter Include="Header Files\Game">
      <UniqueIdentifier>{6A21415D-D637-3FF3-1FAF-CA148B04107B}</UniqueIdentifier>
    </Filter>
    <Filter Include="Header Files\I18n">
      <UniqueIdentifier>{3067415D-9C7D-3FF3-E5F4-CA14514A107B}</UniqueIdentifier>
    </Filter>
    <Filter Include="Header Files\Item">
      <UniqueIdentifier>{FF89425D-6BA0-40F3-B417-CC14206D117B}</UniqueIdentifier>
    </Filter>
    <Filter Include="Header Files\Player">
      <UniqueIdentifier>{1D6DCEC7-89CE-ABD5-123C-F2877E9CE294}</UniqueIdentifier>
    </Filter>
    <Filter Include="Header Files\Statu">
      <UniqueIdentifier>{41AF4806-2D93-095C-96F3-03AF82F6F3DD}</UniqueIdentifier>
    </Filter>
    <Filter Include="Header Files\Statu\Status">
      <UniqueIdentifier>{F4777C0E-603A-B098-A9EA-3E2515EC8876}</UniqueIdentifier>
    </Filter>
    <Filter Include="Header Files\System">
      <UniqueIdentifier>{15EFC2CF-8150-A0DD-0ABE-E68F761ED79C}</UniqueIdentifier>
    </Filter>
    <Filter Include="Header Files\Utils">
      <UniqueIdentifier>{41016D06-2DE5-2D5C-9645-28AF824818DE}</UniqueIdentifier>
    </Filter>
    <Filter Include="Source Files">
      <UniqueIdentifier>{E9C7FDCE-D52A-8D73-7EB0-C5296AF258F6}</UniqueIdentifier>
    </Filter>
    <Filter Include="Source Files\Entity">
      <UniqueIdentifier>{15B4AF6F-8115-8D7D-0A83-D32F76E3C33C}</UniqueIdentifier>
    </Filter>
    <Filter Include="Source Files\Game">
      <UniqueIdentifier>{323BAF0A-9E51-ADA0-E7C8-38C2531E7E28}</UniqueIdentifier>
    </Filter>
    <Filter Include="Source Files\I18n">
      <UniqueIdentifier>{F880AF0A-6497-ADA0-AD0E-39C219647E28}</UniqueIdentifier>
    </Filter>
    <Filter Include="Source Files\Item">
      <UniqueIdentifier>{C7A3B00A-33BA-AEA0-7C31-3AC2E8867F28}</UniqueIdentifier>
    </Filter>
    <Filter Include="Source Files\Player">
      <UniqueIdentifier>{E5182A89-517A-0797-DAE7-4D4946483E56}</UniqueIdentifier>
    </Filter>
    <Filter Include="Source Files\Statu">
      <UniqueIdentifier>{09027A61-F5E5-3AB7-5E46-350A4A492539}</UniqueIdentifier>
    </Filter>
    <Filter Include="Source Files\Statu\Status">
      <UniqueIdentifier>{BCD92B72-289C-5FFC-714C-EE88DD4D38DA}</UniqueIdentifier>
    </Filter>
    <Filter Include="Source Files\System">
      <UniqueIdentifier>{DD9A1E91-49FC-FB9E-D269-42513ECA325E}</UniqueIdentifier>
    </Filter>
    <Filter Include="Source Files\Utils">
      <UniqueIdentifier>{09549E61-F537-5FB7-5E98-590A4A9B4939}</UniqueIdentifier>
    </Filter>
  </ItemGroup>
  <ItemGroup>
    <ClInclude Include="Entity\Ally.h">
      <Filter>Header Files\Entity</Filter>
    </ClInclude>
    <ClInclude Include="Entity\Enemy.h">
      <Filter>Header Files\Entity</Filter>
    </ClInclude>
    <ClInclude Include="Entity\Entity.h">
      <Filter>Header Files\Entity</Filter>
    </ClInclude>
    <ClInclude Include="Entity\Equipment.h">
      <Filter>Header Files\Entity</Filter>
    </ClInclude>
    <ClInclude Include="Entity\Occupation.h">
      <Filter>Header Files\Entity</Filter>
    </ClInclude>
    <ClInclude Include="Entity\Race.h">
      <Filter>Header Files\Entity</Filter>
    </ClInclude>
    <ClInclude Include="Game\EnemyGroup.h">
      <Filter>Header Files\Game</Filter>
    </ClInclude>
    <ClInclude Include="Game\Event.h">
      <Filter>Header Files\Game</Filter>
    </ClInclude>
    <ClInclude Include="Game\Game.h">
      <Filter>Header Files\Game</Filter>
    </ClInclude>
    <ClInclude Include="Game\GameConfig.h">
      <Filter>Header Files\Game</Filter>
    </ClInclude>
    <ClInclude Include="Game\Place.h">
      <Filter>Header Files\Game</Filter>
    </ClInclude>
    <ClInclude Include="Game\Script.h">
      <Filter>Header Files\Game</Filter>
    </ClInclude>
    <ClInclude Include="I18n\I18n.h">
      <Filter>Header Files\I18n</Filter>
    </ClInclude>
    <ClInclude Include="I18n\I18nProvider.h">
      <Filter>Header Files\I18n</Filter>
    </ClInclude>
    <ClInclude Include="Item\Armor.h">
      <Filter>Header Files\Item</Filter>
    </ClInclude>
    <ClInclude Include="Item\CraftArmor.h">
      <Filter>Header Files\Item</Filter>
    </ClInclude>
    <ClInclude Include="Item\CraftWeapon.h">
      <Filter>Header Files\Item</Filter>
    </ClInclude>
    <ClInclude Include="Item\Item.h">
      <Filter>Header Files\Item</Filter>
    </ClInclude>
    <ClInclude Include="Item\Material.h">
      <Filter>Header Files\Item</Filter>
    </ClInclude>
    <ClInclude Include="Item\Prop.h">
      <Filter>Header Files\Item</Filter>
    </ClInclude>
    <ClInclude Include="Item\Weapon.h">
      <Filter>Header Files\Item</Filter>
    </ClInclude>
    <ClInclude Include="Player\Inventory.h">
      <Filter>Header Files\Player</Filter>
    </ClInclude>
    <ClInclude Include="Player\Player.h">
      <Filter>Header Files\Player</Filter>
    </ClInclude>
    <ClInclude Include="Player\Team.h">
      <Filter>Header Files\Player</Filter>
    </ClInclude>
    <ClInclude Include="Statu\Statu.h">
      <Filter>Header Files\Statu</Filter>
    </ClInclude>
    <ClInclude Include="Statu\Status\FireStatu.h">
      <Filter>Header Files\Statu\Status</Filter>
    </ClInclude>
    <ClInclude Include="System\Exceptions.hpp">
      <Filter>Header Files\System</Filter>
    </ClInclude>
    <ClInclude Include="System\GlobalVariable.h">
      <Filter>Header Files\System</Filter>
    </ClInclude>
    <ClInclude Include="System\Menu.h">
      <Filter>Header Files\System</Filter>
    </ClInclude>
    <ClInclude Include="System\PathProvider.h">
      <Filter>Header Files\System</Filter>
    </ClInclude>
    <ClInclude Include="System\Sheet.h">
      <Filter>Header Files\System</Filter>
    </ClInclude>
    <ClInclude Include="System\System.h">
      <Filter>Header Files\System</Filter>
    </ClInclude>
    <ClInclude Include="System\SystemConfig.h">
      <Filter>Header Files\System</Filter>
    </ClInclude>
    <ClInclude Include="Utils\ChanceTable.h">
      <Filter>Header Files\Utils</Filter>
    </ClInclude>
    <ClInclude Include="Utils\JsonUtils.h">
      <Filter>Header Files\Utils</Filter>
    </ClInclude>
    <ClInclude Include="Utils\Singleton.h">
      <Filter>Header Files\Utils</Filter>
    </ClInclude>
    <ClInclude Include="Utils\Utilities.h">
      <Filter>Header Files\Utils</Filter>
    </ClInclude>
    <ClInclude Include="Screen\Screen.h" />
    <ClInclude Include="Screen\Button.h" />
    <ClInclude Include="Utils\RaylibUtils.h" />
    <ClInclude Include="I18n\FontProvider.h" />
    <ClInclude Include="Screen\Picture.h" />
    <ClInclude Include="Screen\Text.h" />
  </ItemGroup>
  <ItemGroup>
    <ClCompile Include="Entity\Ally.cpp">
      <Filter>Source Files\Entity</Filter>
    </ClCompile>
    <ClCompile Include="Entity\Enemy.cpp">
      <Filter>Source Files\Entity</Filter>
    </ClCompile>
    <ClCompile Include="Entity\Entity.cpp">
      <Filter>Source Files\Entity</Filter>
    </ClCompile>
    <ClCompile Include="Entity\Equipment.cpp">
      <Filter>Source Files\Entity</Filter>
    </ClCompile>
    <ClCompile Include="Entity\Occupation.cpp">
      <Filter>Source Files\Entity</Filter>
    </ClCompile>
    <ClCompile Include="Entity\Race.cpp">
      <Filter>Source Files\Entity</Filter>
    </ClCompile>
    <ClCompile Include="Game\EnemyGroup.cpp">
      <Filter>Source Files\Game</Filter>
    </ClCompile>
    <ClCompile Include="Game\Event.cpp">
      <Filter>Source Files\Game</Filter>
    </ClCompile>
    <ClCompile Include="Game\Game.cpp">
      <Filter>Source Files\Game</Filter>
    </ClCompile>
    <ClCompile Include="Game\GameConfig.cpp">
      <Filter>Source Files\Game</Filter>
    </ClCompile>
    <ClCompile Include="Game\Place.cpp">
      <Filter>Source Files\Game</Filter>
    </ClCompile>
    <ClCompile Include="Game\Script.cpp">
      <Filter>Source Files\Game</Filter>
    </ClCompile>
    <ClCompile Include="I18n\I18n.cpp">
      <Filter>Source Files\I18n</Filter>
    </ClCompile>
    <ClCompile Include="I18n\I18nProvider.cpp">
      <Filter>Source Files\I18n</Filter>
    </ClCompile>
    <ClCompile Include="Item\Armor.cpp">
      <Filter>Source Files\Item</Filter>
    </ClCompile>
    <ClCompile Include="Item\CraftArmor.cpp">
      <Filter>Source Files\Item</Filter>
    </ClCompile>
    <ClCompile Include="Item\CraftWeapon.cpp">
      <Filter>Source Files\Item</Filter>
    </ClCompile>
    <ClCompile Include="Item\Item.cpp">
      <Filter>Source Files\Item</Filter>
    </ClCompile>
    <ClCompile Include="Item\Material.cpp">
      <Filter>Source Files\Item</Filter>
    </ClCompile>
    <ClCompile Include="Item\Prop.cpp">
      <Filter>Source Files\Item</Filter>
    </ClCompile>
    <ClCompile Include="Item\Weapon.cpp">
      <Filter>Source Files\Item</Filter>
    </ClCompile>
    <ClCompile Include="Player\Inventory.cpp">
      <Filter>Source Files\Player</Filter>
    </ClCompile>
    <ClCompile Include="Player\Player.cpp">
      <Filter>Source Files\Player</Filter>
    </ClCompile>
    <ClCompile Include="Player\Team.cpp">
      <Filter>Source Files\Player</Filter>
    </ClCompile>
    <ClCompile Include="Statu\Statu.cpp">
      <Filter>Source Files\Statu</Filter>
    </ClCompile>
    <ClCompile Include="Statu\Status\FireStatu.cpp">
      <Filter>Source Files\Statu\Status</Filter>
    </ClCompile>
    <ClCompile Include="System\Menu.cpp">
      <Filter>Source Files\System</Filter>
    </ClCompile>
    <ClCompile Include="System\PathProvider.cpp">
      <Filter>Source Files\System</Filter>
    </ClCompile>
    <ClCompile Include="System\Sheet.cpp">
      <Filter>Source Files\System</Filter>
    </ClCompile>
    <ClCompile Include="System\System.cpp">
      <Filter>Source Files\System</Filter>
    </ClCompile>
    <ClCompile Include="System\SystemConfig.cpp">
      <Filter>Source Files\System</Filter>
    </ClCompile>
    <ClCompile Include="Utils\ChanceTable.cpp">
      <Filter>Source Files\Utils</Filter>
    </ClCompile>
    <ClCompile Include="Utils\JsonUtils.cpp">
      <Filter>Source Files\Utils</Filter>
    </ClCompile>
    <ClCompile Include="Utils\Utilities.cpp">
      <Filter>Source Files\Utils</Filter>
    </ClCompile>
    <ClCompile Include="main.cpp">
      <Filter>Source Files</Filter>
    </ClCompile>
    <ClCompile Include="Screen\Screen.cpp" />
    <ClCompile Include="Screen\Button.cpp" />
    <ClCompile Include="Utils\RaylibUtils.cpp" />
    <ClCompile Include="I18n\FontProvider.cpp" />
    <ClCompile Include="Screen\Picture.cpp" />
    <ClCompile Include="Screen\Text.cpp" />
  </ItemGroup>
</Project>